
Microsoft Visual Studio Solution File, Format Version 12.00
# Visual Studio Version 17
VisualStudioVersion = 17.11.35312.102
MinimumVisualStudioVersion = 10.0.40219.1
Project("{9A19103F-16F7-4668-BE54-9A1E7A4F7556}") = "Qyrenx", "Qyrenx\Qyrenx.csproj", "{112F25E5-0EC2-4694-B62D-5191611ED28D}"
EndProject
Project("{2150E333-8FDC-42A3-9474-1A3956D46DE8}") = "Solution Items", "Solution Items", "{48073C31-70D5-4C93-809B-A8AE96593248}"
EndProject
Project("{FAE04EC0-301F-11D3-BF4B-00C04F79EFBC}") = "Qyrenx.Business", "Busines\Qyrenx.Business.csproj", "{295D039F-2EE0-4E09-9532-8DC98881AC99}"
EndProject
Project("{FAE04EC0-301F-11D3-BF4B-00C04F79EFBC}") = "Qyrenx.Dataccess", "Dataccess\Qyrenx.Dataccess.csproj", "{5DC16924-A942-4E24-9D86-58BB3640005A}"
EndProject
Global
	GlobalSection(SolutionConfigurationPlatforms) = preSolution
		Debug|Any CPU = Debug|Any CPU
		Release|Any CPU = Release|Any CPU
	EndGlobalSection
	GlobalSection(ProjectConfigurationPlatforms) = postSolution
		{112F25E5-0EC2-4694-B62D-5191611ED28D}.Debug|Any CPU.ActiveCfg = Debug|Any CPU
		{112F25E5-0EC2-4694-B62D-5191611ED28D}.Debug|Any CPU.Build.0 = Debug|Any CPU
		{112F25E5-0EC2-4694-B62D-5191611ED28D}.Release|Any CPU.ActiveCfg = Release|Any CPU
		{112F25E5-0EC2-4694-B62D-5191611ED28D}.Release|Any CPU.Build.0 = Release|Any CPU
		{295D039F-2EE0-4E09-9532-8DC98881AC99}.Debug|Any CPU.ActiveCfg = Debug|Any CPU
		{295D039F-2EE0-4E09-9532-8DC98881AC99}.Debug|Any CPU.Build.0 = Debug|Any CPU
		{295D039F-2EE0-4E09-9532-8DC98881AC99}.Release|Any CPU.ActiveCfg = Release|Any CPU
		{295D039F-2EE0-4E09-9532-8DC98881AC99}.Release|Any CPU.Build.0 = Release|Any CPU
		{5DC16924-A942-4E24-9D86-58BB3640005A}.Debug|Any CPU.ActiveCfg = Debug|Any CPU
		{5DC16924-A942-4E24-9D86-58BB3640005A}.Debug|Any CPU.Build.0 = Debug|Any CPU
		{5DC16924-A942-4E24-9D86-58BB3640005A}.Release|Any CPU.ActiveCfg = Release|Any CPU
		{5DC16924-A942-4E24-9D86-58BB3640005A}.Release|Any CPU.Build.0 = Release|Any CPU
	EndGlobalSection
	GlobalSection(SolutionProperties) = preSolution
		HideSolutionNode = FALSE
	EndGlobalSection
	GlobalSection(ExtensibilityGlobals) = postSolution
		SolutionGuid = {70BCBB37-FC07-4149-9AD0-2CEF109D3F15}
	EndGlobalSection
EndGlobal
